// !$*UTF8*$!
{
	archiveVersion = 1;
	classes = {
	};
	objectVersion = 50;
	objects = {

/* Begin PBXBuildFile section */
		463D3DC665DC6B6085E21B38 /* libPods-lottie-ios.a in Frameworks */ = {isa = PBXBuildFile; fileRef = E433DFC7D1C2EA101EEF19D4 /* libPods-lottie-ios.a */; };
		630950D922FBB08C00691580 /* animation.json in Resources */ = {isa = PBXBuildFile; fileRef = 630950D822FBB08C00691580 /* animation.json */; };
		639BAE9222FBAF82005128F9 /* AppDelegate.swift in Sources */ = {isa = PBXBuildFile; fileRef = 639BAE9122FBAF82005128F9 /* AppDelegate.swift */; };
		639BAE9422FBAF82005128F9 /* ViewController.swift in Sources */ = {isa = PBXBuildFile; fileRef = 639BAE9322FBAF82005128F9 /* ViewController.swift */; };
		639BAE9722FBAF82005128F9 /* Main.storyboard in Resources */ = {isa = PBXBuildFile; fileRef = 639BAE9522FBAF82005128F9 /* Main.storyboard */; };
		639BAE9922FBAF83005128F9 /* Assets.xcassets in Resources */ = {isa = PBXBuildFile; fileRef = 639BAE9822FBAF83005128F9 /* Assets.xcassets */; };
		639BAE9C22FBAF83005128F9 /* LaunchScreen.storyboard in Resources */ = {isa = PBXBuildFile; fileRef = 639BAE9A22FBAF83005128F9 /* LaunchScreen.storyboard */; };
/* End PBXBuildFile section */

/* Begin PBXFileReference section */
		0891B2F9C8E26F69C100F908 /* Pods-lottie-ios.debug.xcconfig */ = {isa = PBXFileReference; includeInIndex = 1; lastKnownFileType = text.xcconfig; name = "Pods-lottie-ios.debug.xcconfig"; path = "Target Support Files/Pods-lottie-ios/Pods-lottie-ios.debug.xcconfig"; sourceTree = "<group>"; };
		5264C0FE07DD8AB553849D46 /* Pods-lottie-ios.release.xcconfig */ = {isa = PBXFileReference; includeInIndex = 1; lastKnownFileType = text.xcconfig; name = "Pods-lottie-ios.release.xcconfig"; path = "Target Support Files/Pods-lottie-ios/Pods-lottie-ios.release.xcconfig"; sourceTree = "<group>"; };
		630950D822FBB08C00691580 /* animation.json */ = {isa = PBXFileReference; fileEncoding = 4; lastKnownFileType = text.json; path = animation.json; sourceTree = "<group>"; };
		639BAE8E22FBAF82005128F9 /* lottie-ios.app */ = {isa = PBXFileReference; explicitFileType = wrapper.application; includeInIndex = 0; path = "lottie-ios.app"; sourceTree = BUILT_PRODUCTS_DIR; };
		639BAE9122FBAF82005128F9 /* AppDelegate.swift */ = {isa = PBXFileReference; lastKnownFileType = sourcecode.swift; path = AppDelegate.swift; sourceTree = "<group>"; };
		639BAE9322FBAF82005128F9 /* ViewController.swift */ = {isa = PBXFileReference; lastKnownFileType = sourcecode.swift; path = ViewController.swift; sourceTree = "<group>"; };
		639BAE9622FBAF82005128F9 /* Base */ = {isa = PBXFileReference; lastKnownFileType = file.storyboard; name = Base; path = Base.lproj/Main.storyboard; sourceTree = "<group>"; };
		639BAE9822FBAF83005128F9 /* Assets.xcassets */ = {isa = PBXFileReference; lastKnownFileType = folder.assetcatalog; path = Assets.xcassets; sourceTree = "<group>"; };
		639BAE9B22FBAF83005128F9 /* Base */ = {isa = PBXFileReference; lastKnownFileType = file.storyboard; name = Base; path = Base.lproj/LaunchScreen.storyboard; sourceTree = "<group>"; };
		639BAE9D22FBAF83005128F9 /* Info.plist */ = {isa = PBXFileReference; lastKnownFileType = text.plist.xml; path = Info.plist; sourceTree = "<group>"; };
		E433DFC7D1C2EA101EEF19D4 /* libPods-lottie-ios.a */ = {isa = PBXFileReference; explicitFileType = archive.ar; includeInIndex = 0; path = "libPods-lottie-ios.a"; sourceTree = BUILT_PRODUCTS_DIR; };
/* End PBXFileReference section */

/* Begin PBXFrameworksBuildPhase section */
		639BAE8B22FBAF82005128F9 /* Frameworks */ = {
			isa = PBXFrameworksBuildPhase;
			buildActionMask = 2147483647;
			files = (
				463D3DC665DC6B6085E21B38 /* libPods-lottie-ios.a in Frameworks */,
			);
			runOnlyForDeploymentPostprocessing = 0;
		};
/* End PBXFrameworksBuildPhase section */

/* Begin PBXGroup section */
		0D03229D99EA527476149A8E /* Frameworks */ = {
			isa = PBXGroup;
			children = (
				E433DFC7D1C2EA101EEF19D4 /* libPods-lottie-ios.a */,
			);
			name = Frameworks;
			sourceTree = "<group>";
		};
		27A8EC99B8EDE1FB20D5855B /* Pods */ = {
			isa = PBXGroup;
			children = (
				0891B2F9C8E26F69C100F908 /* Pods-lottie-ios.debug.xcconfig */,
				5264C0FE07DD8AB553849D46 /* Pods-lottie-ios.release.xcconfig */,
			);
			path = Pods;
			sourceTree = "<group>";
		};
		639BAE8522FBAF82005128F9 = {
			isa = PBXGroup;
			children = (
				639BAE9022FBAF82005128F9 /* lottie-ios */,
				639BAE8F22FBAF82005128F9 /* Products */,
				27A8EC99B8EDE1FB20D5855B /* Pods */,
				0D03229D99EA527476149A8E /* Frameworks */,
			);
			sourceTree = "<group>";
		};
		639BAE8F22FBAF82005128F9 /* Products */ = {
			isa = PBXGroup;
			children = (
				639BAE8E22FBAF82005128F9 /* lottie-ios.app */,
			);
			name = Products;
			sourceTree = "<group>";
		};
		639BAE9022FBAF82005128F9 /* lottie-ios */ = {
			isa = PBXGroup;
			children = (
				630950D822FBB08C00691580 /* animation.json */,
				639BAE9122FBAF82005128F9 /* AppDelegate.swift */,
				639BAE9322FBAF82005128F9 /* ViewController.swift */,
				639BAE9522FBAF82005128F9 /* Main.storyboard */,
				639BAE9822FBAF83005128F9 /* Assets.xcassets */,
				639BAE9A22FBAF83005128F9 /* LaunchScreen.storyboard */,
				639BAE9D22FBAF83005128F9 /* Info.plist */,
			);
			path = "lottie-ios";
			sourceTree = "<group>";
		};
/* End PBXGroup section */

/* Begin PBXNativeTarget section */
		639BAE8D22FBAF82005128F9 /* lottie-ios */ = {
			isa = PBXNativeTarget;
			buildConfigurationList = 639BAEA022FBAF83005128F9 /* Build configuration list for PBXNativeTarget "lottie-ios" */;
			buildPhases = (
				150B58A7FB81806114209E22 /* [CP] Check Pods Manifest.lock */,
				639BAE8A22FBAF82005128F9 /* Sources */,
				639BAE8B22FBAF82005128F9 /* Frameworks */,
				639BAE8C22FBAF82005128F9 /* Resources */,
			);
			buildRules = (
			);
			dependencies = (
			);
			name = "lottie-ios";
			productName = "lottie-ios";
			productReference = 639BAE8E22FBAF82005128F9 /* lottie-ios.app */;
			productType = "com.apple.product-type.application";
		};
/* End PBXNativeTarget section */

/* Begin PBXProject section */
		639BAE8622FBAF82005128F9 /* Project object */ = {
			isa = PBXProject;
			attributes = {
				LastSwiftUpdateCheck = 1030;
				LastUpgradeCheck = 1030;
				ORGANIZATIONNAME = "David Shvimer";
				TargetAttributes = {
					639BAE8D22FBAF82005128F9 = {
						CreatedOnToolsVersion = 10.3;
					};
				};
			};
			buildConfigurationList = 639BAE8922FBAF82005128F9 /* Build configuration list for PBXProject "lottie-ios" */;
			compatibilityVersion = "Xcode 9.3";
			developmentRegion = en;
			hasScannedForEncodings = 0;
			knownRegions = (
				en,
				Base,
			);
			mainGroup = 639BAE8522FBAF82005128F9;
			productRefGroup = 639BAE8F22FBAF82005128F9 /* Products */;
			projectDirPath = "";
			projectRoot = "";
			targets = (
				639BAE8D22FBAF82005128F9 /* lottie-ios */,
			);
		};
/* End PBXProject section */

/* Begin PBXResourcesBuildPhase section */
		639BAE8C22FBAF82005128F9 /* Resources */ = {
			isa = PBXResourcesBuildPhase;
			buildActionMask = 2147483647;
			files = (
				639BAE9C22FBAF83005128F9 /* LaunchScreen.storyboard in Resources */,
				639BAE9922FBAF83005128F9 /* Assets.xcassets in Resources */,
				630950D922FBB08C00691580 /* animation.json in Resources */,
				639BAE9722FBAF82005128F9 /* Main.storyboard in Resources */,
			);
			runOnlyForDeploymentPostprocessing = 0;
		};
/* End PBXResourcesBuildPhase section */

/* Begin PBXShellScriptBuildPhase section */
		150B58A7FB81806114209E22 /* [CP] Check Pods Manifest.lock */ = {
			isa = PBXShellScriptBuildPhase;
			buildActionMask = 2147483647;
			files = (
			);
			inputFileListPaths = (
			);
			inputPaths = (
				"${PODS_PODFILE_DIR_PATH}/Podfile.lock",
				"${PODS_ROOT}/Manifest.lock",
			);
			name = "[CP] Check Pods Manifest.lock";
			outputFileListPaths = (
			);
			outputPaths = (
				"$(DERIVED_FILE_DIR)/Pods-lottie-ios-checkManifestLockResult.txt",
			);
			runOnlyForDeploymentPostprocessing = 0;
			shellPath = /bin/sh;
			shellScript = "diff \"${PODS_PODFILE_DIR_PATH}/Podfile.lock\" \"${PODS_ROOT}/Manifest.lock\" > /dev/null\nif [ $? != 0 ] ; then\n    # print error to STDERR\n    echo \"error: The sandbox is not in sync with the Podfile.lock. Run 'pod install' or update your CocoaPods installation.\" >&2\n    exit 1\nfi\n# This output is used by Xcode 'outputs' to avoid re-running this script phase.\necho \"SUCCESS\" > \"${SCRIPT_OUTPUT_FILE_0}\"\n";
			showEnvVarsInLog = 0;
		};
/* End PBXShellScriptBuildPhase section */

/* Begin PBXSourcesBuildPhase section */
		639BAE8A22FBAF82005128F9 /* Sources */ = {
			isa = PBXSourcesBuildPhase;
			buildActionMask = 2147483647;
			files = (
				639BAE9422FBAF82005128F9 /* ViewController.swift in Sources */,
				639BAE9222FBAF82005128F9 /* AppDelegate.swift in Sources */,
			);
			runOnlyForDeploymentPostprocessing = 0;
		};
/* End PBXSourcesBuildPhase section */

/* Begin PBXVariantGroup section */
		639BAE9522FBAF82005128F9 /* Main.storyboard */ = {
			isa = PBXVariantGroup;
			children = (
				639BAE9622FBAF82005128F9 /* Base */,
			);
			name = Main.storyboard;
			sourceTree = "<group>";
		};
		639BAE9A22FBAF83005128F9 /* LaunchScreen.storyboard */ = {
			isa = PBXVariantGroup;
			children = (
				639BAE9B22FBAF83005128F9 /* Base */,
			);
			name = LaunchScreen.storyboard;
			sourceTree = "<group>";
		};
/* End PBXVariantGroup section */

/* Begin XCBuildConfiguration section */
		639BAE9E22FBAF83005128F9 /* Debug */ = {
			isa = XCBuildConfiguration;
			buildSettings = {
				ALWAYS_SEARCH_USER_PATHS = NO;
				CLANG_ANALYZER_NONNULL = YES;
				CLANG_ANALYZER_NUMBER_OBJECT_CONVERSION = YES_AGGRESSIVE;
				CLANG_CXX_LANGUAGE_STANDARD = "gnu++14";
				CLANG_CXX_LIBRARY = "libc++";
				CLANG_ENABLE_MODULES = YES;
				CLANG_ENABLE_OBJC_ARC = YES;
				CLANG_ENABLE_OBJC_WEAK = YES;
				CLANG_WARN_BLOCK_CAPTURE_AUTORELEASING = YES;
				CLANG_WARN_BOOL_CONVERSION = YES;
				CLANG_WARN_COMMA = YES;
				CLANG_WARN_CONSTANT_CONVERSION = YES;
				CLANG_WARN_DEPRECATED_OBJC_IMPLEMENTATIONS = YES;
				CLANG_WARN_DIRECT_OBJC_ISA_USAGE = YES_ERROR;
				CLANG_WARN_DOCUMENTATION_COMMENTS = YES;
				CLANG_WARN_EMPTY_BODY = YES;
				CLANG_WARN_ENUM_CONVERSION = YES;
				CLANG_WARN_INFINITE_RECURSION = YES;
				CLANG_WARN_INT_CONVERSION = YES;
				CLANG_WARN_NON_LITERAL_NULL_CONVERSION = YES;
				CLANG_WARN_OBJC_IMPLICIT_RETAIN_SELF = YES;
				CLANG_WARN_OBJC_LITERAL_CONVERSION = YES;
				CLANG_WARN_OBJC_ROOT_CLASS = YES_ERROR;
				CLANG_WARN_RANGE_LOOP_ANALYSIS = YES;
				CLANG_WARN_STRICT_PROTOTYPES = YES;
				CLANG_WARN_SUSPICIOUS_MOVE = YES;
				CLANG_WARN_UNGUARDED_AVAILABILITY = YES_AGGRESSIVE;
				CLANG_WARN_UNREACHABLE_CODE = YES;
				CLANG_WARN__DUPLICATE_METHOD_MATCH = YES;
				CODE_SIGN_IDENTITY = "iPhone Developer";
				COPY_PHASE_STRIP = NO;
				DEBUG_INFORMATION_FORMAT = dwarf;
				ENABLE_STRICT_OBJC_MSGSEND = YES;
				ENABLE_TESTABILITY = YES;
				GCC_C_LANGUAGE_STANDARD = gnu11;
				GCC_DYNAMIC_NO_PIC = NO;
				GCC_NO_COMMON_BLOCKS = YES;
				GCC_OPTIMIZATION_LEVEL = 0;
				GCC_PREPROCESSOR_DEFINITIONS = (
					"DEBUG=1",
					"$(inherited)",
				);
				GCC_WARN_64_TO_32_BIT_CONVERSION = YES;
				GCC_WARN_ABOUT_RETURN_TYPE = YES_ERROR;
				GCC_WARN_UNDECLARED_SELECTOR = YES;
				GCC_WARN_UNINITIALIZED_AUTOS = YES_AGGRESSIVE;
				GCC_WARN_UNUSED_FUNCTION = YES;
				GCC_WARN_UNUSED_VARIABLE = YES;
				IPHONEOS_DEPLOYMENT_TARGET = 12.4;
				MTL_ENABLE_DEBUG_INFO = INCLUDE_SOURCE;
				MTL_FAST_MATH = YES;
				ONLY_ACTIVE_ARCH = YES;
				SDKROOT = iphoneos;
				SWIFT_ACTIVE_COMPILATION_CONDITIONS = DEBUG;
				SWIFT_OPTIMIZATION_LEVEL = "-Onone";
			};
			name = Debug;
		};
		639BAE9F22FBAF83005128F9 /* Release */ = {
			isa = XCBuildConfiguration;
			buildSettings = {
				ALWAYS_SEARCH_USER_PATHS = NO;
				CLANG_ANALYZER_NONNULL = YES;
				CLANG_ANALYZER_NUMBER_OBJECT_CONVERSION = YES_AGGRESSIVE;
				CLANG_CXX_LANGUAGE_STANDARD = "gnu++14";
				CLANG_CXX_LIBRARY = "libc++";
				CLANG_ENABLE_MODULES = YES;
				CLANG_ENABLE_OBJC_ARC = YES;
				CLANG_ENABLE_OBJC_WEAK = YES;
				CLANG_WARN_BLOCK_CAPTURE_AUTORELEASING = YES;
				CLANG_WARN_BOOL_CONVERSION = YES;
				CLANG_WARN_COMMA = YES;
				CLANG_WARN_CONSTANT_CONVERSION = YES;
				CLANG_WARN_DEPRECATED_OBJC_IMPLEMENTATIONS = YES;
				CLANG_WARN_DIRECT_OBJC_ISA_USAGE = YES_ERROR;
				CLANG_WARN_DOCUMENTATION_COMMENTS = YES;
				CLANG_WARN_EMPTY_BODY = YES;
				CLANG_WARN_ENUM_CONVERSION = YES;
				CLANG_WARN_INFINITE_RECURSION = YES;
				CLANG_WARN_INT_CONVERSION = YES;
				CLANG_WARN_NON_LITERAL_NULL_CONVERSION = YES;
				CLANG_WARN_OBJC_IMPLICIT_RETAIN_SELF = YES;
				CLANG_WARN_OBJC_LITERAL_CONVERSION = YES;
				CLANG_WARN_OBJC_ROOT_CLASS = YES_ERROR;
				CLANG_WARN_RANGE_LOOP_ANALYSIS = YES;
				CLANG_WARN_STRICT_PROTOTYPES = YES;
				CLANG_WARN_SUSPICIOUS_MOVE = YES;
				CLANG_WARN_UNGUARDED_AVAILABILITY = YES_AGGRESSIVE;
				CLANG_WARN_UNREACHABLE_CODE = YES;
				CLANG_WARN__DUPLICATE_METHOD_MATCH = YES;
				CODE_SIGN_IDENTITY = "iPhone Developer";
				COPY_PHASE_STRIP = NO;
				DEBUG_INFORMATION_FORMAT = "dwarf-with-dsym";
				ENABLE_NS_ASSERTIONS = NO;
				ENABLE_STRICT_OBJC_MSGSEND = YES;
				GCC_C_LANGUAGE_STANDARD = gnu11;
				GCC_NO_COMMON_BLOCKS = YES;
				GCC_WARN_64_TO_32_BIT_CONVERSION = YES;
				GCC_WARN_ABOUT_RETURN_TYPE = YES_ERROR;
				GCC_WARN_UNDECLARED_SELECTOR = YES;
				GCC_WARN_UNINITIALIZED_AUTOS = YES_AGGRESSIVE;
				GCC_WARN_UNUSED_FUNCTION = YES;
				GCC_WARN_UNUSED_VARIABLE = YES;
				IPHONEOS_DEPLOYMENT_TARGET = 12.4;
				MTL_ENABLE_DEBUG_INFO = NO;
				MTL_FAST_MATH = YES;
				SDKROOT = iphoneos;
				SWIFT_COMPILATION_MODE = wholemodule;
				SWIFT_OPTIMIZATION_LEVEL = "-O";
				VALIDATE_PRODUCT = YES;
			};
			name = Release;
		};
		639BAEA122FBAF83005128F9 /* Debug */ = {
			isa = XCBuildConfiguration;
			baseConfigurationReference = 0891B2F9C8E26F69C100F908 /* Pods-lottie-ios.debug.xcconfig */;
			buildSettings = {
				ASSETCATALOG_COMPILER_APPICON_NAME = AppIcon;
				CODE_SIGN_STYLE = Automatic;
				INFOPLIST_FILE = "lottie-ios/Info.plist";
				LD_RUNPATH_SEARCH_PATHS = (
					"$(inherited)",
					"@executable_path/Frameworks",
				);
				PRODUCT_BUNDLE_IDENTIFIER = "com.lottie.test.lottie-ios";
				PRODUCT_NAME = "$(TARGET_NAME)";
				SWIFT_VERSION = 5.0;
				TARGETED_DEVICE_FAMILY = "1,2";
			};
			name = Debug;
		};
		639BAEA222FBAF83005128F9 /* Release */ = {
			isa = XCBuildConfiguration;
			baseConfigurationReference = 5264C0FE07DD8AB553849D46 /* Pods-lottie-ios.release.xcconfig */;
			buildSettings = {
				ASSETCATALOG_COMPILER_APPICON_NAME = AppIcon;
				CODE_SIGN_STYLE = Automatic;
				INFOPLIST_FILE = "lottie-ios/Info.plist";
				LD_RUNPATH_SEARCH_PATHS = (
					"$(inherited)",
					"@executable_path/Frameworks",
				);
				PRODUCT_BUNDLE_IDENTIFIER = "com.lottie.test.lottie-ios";
				PRODUCT_NAME = "$(TARGET_NAME)";
				SWIFT_VERSION = 5.0;
				TARGETED_DEVICE_FAMILY = "1,2";
			};
			name = Release;
		};
/* End XCBuildConfiguration section */

/* Begin XCConfigurationList section */
		639BAE8922FBAF82005128F9 /* Build configuration list for PBXProject "lottie-ios" */ = {
			isa = XCConfigurationList;
			buildConfigurations = (
				639BAE9E22FBAF83005128F9 /* Debug */,
				639BAE9F22FBAF83005128F9 /* Release */,
			);
			defaultConfigurationIsVisible = 0;
			defaultConfigurationName = Release;
		};
		639BAEA022FBAF83005128F9 /* Build configuration list for PBXNativeTarget "lottie-ios" */ = {
			isa = XCConfigurationList;
			buildConfigurations = (
				639BAEA122FBAF83005128F9 /* Debug */,
				639BAEA222FBAF83005128F9 /* Release */,
			);
			defaultConfigurationIsVisible = 0;
			defaultConfigurationName = Release;
		};
/* End XCConfigurationList section */
	};
	rootObject = 639BAE8622FBAF82005128F9 /* Project object */;
}
